
Microsoft Visual Studio Solution File, Format Version 12.00
# Visual Studio 15
VisualStudioVersion = 15.0.28307.106
MinimumVisualStudioVersion = 10.0.40219.1
Project("{FAE04EC0-301F-11D3-BF4B-00C04F79EFBC}") = "BhpApp", "BhpApp\BhpApp.csproj", "{73A2F702-BB2D-4908-AE62-F81C0F07508A}"
EndProject
Project("{FAE04EC0-301F-11D3-BF4B-00C04F79EFBC}") = "DAL", "DAL\DAL.csproj", "{52D8793B-EA7B-4938-9230-EF7E93FB3248}"
EndProject
Project("{FAE04EC0-301F-11D3-BF4B-00C04F79EFBC}") = "DTO", "DTO\DTO.csproj", "{010D3DE5-4A96-4D18-974E-6A581A298F0B}"
EndProject
Project("{FAE04EC0-301F-11D3-BF4B-00C04F79EFBC}") = "EntityLib", "EntityLib\EntityLib.csproj", "{D436A582-24CE-4070-A965-588DB53DB92C}"
EndProject
Global
	GlobalSection(SolutionConfigurationPlatforms) = preSolution
		Debug|Any CPU = Debug|Any CPU
		Release|Any CPU = Release|Any CPU
	EndGlobalSection
	GlobalSection(ProjectConfigurationPlatforms) = postSolution
		{73A2F702-BB2D-4908-AE62-F81C0F07508A}.Debug|Any CPU.ActiveCfg = Debug|Any CPU
		{73A2F702-BB2D-4908-AE62-F81C0F07508A}.Debug|Any CPU.Build.0 = Debug|Any CPU
		{73A2F702-BB2D-4908-AE62-F81C0F07508A}.Release|Any CPU.ActiveCfg = Release|Any CPU
		{73A2F702-BB2D-4908-AE62-F81C0F07508A}.Release|Any CPU.Build.0 = Release|Any CPU
		{52D8793B-EA7B-4938-9230-EF7E93FB3248}.Debug|Any CPU.ActiveCfg = Debug|Any CPU
		{52D8793B-EA7B-4938-9230-EF7E93FB3248}.Debug|Any CPU.Build.0 = Debug|Any CPU
		{52D8793B-EA7B-4938-9230-EF7E93FB3248}.Release|Any CPU.ActiveCfg = Release|Any CPU
		{52D8793B-EA7B-4938-9230-EF7E93FB3248}.Release|Any CPU.Build.0 = Release|Any CPU
		{010D3DE5-4A96-4D18-974E-6A581A298F0B}.Debug|Any CPU.ActiveCfg = Debug|Any CPU
		{010D3DE5-4A96-4D18-974E-6A581A298F0B}.Debug|Any CPU.Build.0 = Debug|Any CPU
		{010D3DE5-4A96-4D18-974E-6A581A298F0B}.Release|Any CPU.ActiveCfg = Release|Any CPU
		{010D3DE5-4A96-4D18-974E-6A581A298F0B}.Release|Any CPU.Build.0 = Release|Any CPU
		{D436A582-24CE-4070-A965-588DB53DB92C}.Debug|Any CPU.ActiveCfg = Debug|Any CPU
		{D436A582-24CE-4070-A965-588DB53DB92C}.Debug|Any CPU.Build.0 = Debug|Any CPU
		{D436A582-24CE-4070-A965-588DB53DB92C}.Release|Any CPU.ActiveCfg = Release|Any CPU
		{D436A582-24CE-4070-A965-588DB53DB92C}.Release|Any CPU.Build.0 = Release|Any CPU
	EndGlobalSection
	GlobalSection(SolutionProperties) = preSolution
		HideSolutionNode = FALSE
	EndGlobalSection
	GlobalSection(ExtensibilityGlobals) = postSolution
		SolutionGuid = {BF67133C-C0A2-45C2-AAEE-07A84903F620}
	EndGlobalSection
EndGlobal
